{
    "_meta": {
        "hash": {
            "sha256": "4844b71026fad5b1279dba4208871557651ae81aab04b1a7b1bf8469c1670bba"
        },
        "host-environment-markers": {
            "implementation_name": "cpython",
            "implementation_version": "3.6.2",
            "os_name": "posix",
            "platform_machine": "x86_64",
            "platform_python_implementation": "CPython",
            "platform_release": "16.7.0",
            "platform_system": "Darwin",
            "platform_version": "Darwin Kernel Version 16.7.0: Thu Jun 15 17:36:27 PDT 2017; root:xnu-3789.70.16~2/RELEASE_X86_64",
            "python_full_version": "3.6.2",
            "python_version": "3.6",
            "sys_platform": "darwin"
        },
        "pipfile-spec": 3,
        "requires": {},
        "sources": [
            {
                "url": "https://pypi.python.org/simple",
                "verify_ssl": true
            }
        ]
    },
    "default": {
        "appnope": {
            "hashes": [
                "sha256:5b26757dc6f79a3b7dc9fab95359328d5747fcb2409d331ea66d0272b90ab2a0",
                "sha256:8b995ffe925347a2138d7ac0fe77155e4311a0ea6d6da4f5128fe4b3cbe5ed71"
            ],
            "version": "==0.1.0"
        },
        "certifi": {
            "hashes": [
                "sha256:54a07c09c586b0e4c619f02a5e94e36619da8e2b053e20f594348c0611803704",
                "sha256:40523d2efb60523e113b44602298f0960e900388cf3bb6043f645cf57ea9e3f5"
            ],
            "version": "==2017.7.27.1"
        },
        "chardet": {
            "hashes": [
                "sha256:fc323ffcaeaed0e0a02bf4d117757b98aed530d9ed4531e3e15460124c106691",
                "sha256:84ab92ed1c4d4f16916e05906b6b75a6c0fb5db821cc65e70cbd64a3e2a5eaae"
            ],
            "version": "==3.0.4"
        },
        "cssselect": {
            "hashes": [
                "sha256:4f5f799a1d3182b04814007e9e7fc6c362f4489c7420d6b348cc901ece07ced9",
                "sha256:73db1c054b9348409e2862fc6c0dde5c4e4fbe4da64c5c5a9e05fbea45744077"
            ],
            "version": "==1.0.1"
        },
        "decorator": {
            "hashes": [
                "sha256:95a26b17806e284452bfd97fa20aa1e8cb4ee23542bda4dbac5e4562aa1642cd",
                "sha256:7cb64d38cb8002971710c8899fbdfb859a23a364b7c99dab19d1f719c2ba16b5"
            ],
            "version": "==4.1.2"
        },
        "idna": {
            "hashes": [
                "sha256:8c7309c718f94b3a625cb648ace320157ad16ff131ae0af362c9f21b80ef6ec4",
                "sha256:2c6a5de3089009e3da7c5dde64a141dbc8551d5b7f6cf4ed7c2568d0cc520a8f"
            ],
            "version": "==2.6"
        },
        "ipython": {
            "hashes": [
                "sha256:578e2f3d779ed130a3cfefc09b2eb965a81457f6a31a25cd38e0bab622d4777d",
                "sha256:185ef2093dbac6d7250fe9ed4d4dd0f18f10d0a6ac6169f3eeb2ff0663d96b92",
                "sha256:66469e894d1f09d14a1f23b971a410af131daa9ad2a19922082e02e0ddfd150f"
            ],
            "version": "==5.5.0"
        },
        "ipython-genutils": {
            "hashes": [
                "sha256:72dd37233799e619666c9f639a9da83c34013a73e8bbc79a7a6348d93c61fab8",
                "sha256:eb2e116e75ecef9d4d228fdc66af54269afa26ab4463042e33785b887c628ba8"
            ],
            "version": "==0.2.0"
        },
        "lxml": {
            "hashes": [
                "sha256:3593f49858fc6229cd93326be06b099ae477fd65d8f4a981320a6d0bb7fc7a5a",
                "sha256:8996df6b0f205b00b89bbd04d88f1fa1e04139a025fd291aa4ddd05dc86836f4",
                "sha256:9f399c37b8e61c3989ef12ecf0abd9c10a5075f0fc9ad1ecd67ce6f9c72a7211",
                "sha256:550a51dee73c14e5863bdbbbe5836b2b8092a3f92631b5a908b9c41e72f123a5",
                "sha256:e37eda3d05519918403084b43eb7324df21a0daf45c8ae8172a860710dd0fa78",
                "sha256:48ab0e79175fd16f9478edc679ee14c79524c64b26f665f92cbecff81312d04d",
                "sha256:0b8f3d6e669ea26849a6184f04c7802dbef6fd418a8b90e6c026e237db07af31",
                "sha256:567b76f291a8d02aa8b4d3f8295ae749ac4d532570d8a8c7176f0556c7d95891",
                "sha256:61825daaf2d80dc3da7635ee108720b0739962db008343822753bbf343cbfd14",
                "sha256:e908d685800626f10cd6ae01a013fc42094be167fb2a683eb920dfddfaa0ee76",
                "sha256:10c86b2248043f4428be33ed10202764b02b281eaa4550f16f0fbbc6ccaae9ac",
                "sha256:d9ec728caddb161405e7c33ed9d176e96309893481370163bbf4b00e43008795",
                "sha256:1f81074e77c25f9b787fa3854f400ca924d3d798cb7ae910c0e7920be7138c90",
                "sha256:99b7eabfb46663ed5918eca4ed12420613ba24196964a741ccd962d09296c0b2",
                "sha256:a8ad0adeedbbb7b85916214fcd4f5d02829d0e7b3c32abc298789218b6c3d699",
                "sha256:88d137e440b5de35df2e0616da8e28a88d0119abdaa84520ad1ba815ee9da732",
                "sha256:c4e02657e629f02ab8712471d77d6896c2cf6f09f8ffa6a0f23b1b1ef0318474",
                "sha256:9581b438e5d0d0a6fa3937fac2abffd95380bd513bcd39f6952bfcf20cf0b9a7",
                "sha256:c446fde3284c363cd2085ad1ce5a07c18f15f6766d72684622bc14b0a9ddfd29",
                "sha256:d4507916c408feec2ea8cee3f0d1380e49ea431f6e07b0dd927388bd6e92d6eb",
                "sha256:7030f44b758e930fd09ade87d770f5a231a19a8c561a3acc54e5122b5ec09e29",
                "sha256:d78c0a114cf127a41a526aef99aef539c0b2537e57f04a2cc7a49e2c94a44ab8",
                "sha256:f7bc9f702500e205b1560d620f14015fec76dcd6f9e889a946a2ddcc3c344fd0"
            ],
            "version": "==4.0.0"
        },
        "pexpect": {
            "hashes": [
                "sha256:f853b52afaf3b064d29854771e2db509ef80392509bde2dd7a6ecf2dfc3f0018",
                "sha256:3d132465a75b57aa818341c6521392a06cc660feb3988d7f1074f39bd23c9a92"
            ],
            "version": "==4.2.1"
        },
        "pickleshare": {
            "hashes": [
                "sha256:c9a2541f25aeabc070f12f452e1f2a8eae2abd51e1cd19e8430402bdf4c1d8b5",
                "sha256:84a9257227dfdd6fe1b4be1319096c20eb85ff1e82c7932f36efccfe1b09737b"
            ],
            "version": "==0.7.4"
        },
        "prompt-toolkit": {
            "hashes": [
                "sha256:3f473ae040ddaa52b52f97f6b4a493cfa9f5920c255a12dc56a7d34397a398a4",
                "sha256:1df952620eccb399c53ebb359cc7d9a8d3a9538cb34c5a1344bdbeb29fbcc381",
                "sha256:858588f1983ca497f1cf4ffde01d978a3ea02b01c8a26a8bbc5cd2e66d816917"
            ],
            "version": "==1.0.15"
        },
        "ptyprocess": {
            "hashes": [
                "sha256:e8c43b5eee76b2083a9badde89fd1bbce6c8942d1045146e100b7b5e014f4f1a",
                "sha256:e64193f0047ad603b71f202332ab5527c5e52aa7c8b609704fc28c0dc20c4365"
            ],
            "version": "==0.5.2"
        },
        "pygments": {
            "hashes": [
                "sha256:78f3f434bcc5d6ee09020f92ba487f95ba50f1e3ef83ae96b9d5ffa1bab25c5d",
                "sha256:dbae1046def0efb574852fab9e90209b23f556367b5a320c0bcb871c77c3e8cc"
            ],
            "version": "==2.2.0"
        },
        "pyquery": {
            "hashes": [
                "sha256:554335a65570b4871051320a30919836f7548dbb2f2616d6e1f7c3f887096ef3",
                "sha256:6aa0133b30d9a0229ad65d3a7708c4e853bf46808fb359d06ca56f5039102af6"
            ],
            "version": "==1.2.17"
        },
        "requests": {
            "hashes": [
                "sha256:6a1b267aa90cac58ac3a765d067950e7dbbf75b1da07e895d1f594193a40a38b",
                "sha256:9c443e7324ba5b85070c4a818ade28bfabedf16ea10206da1132edaa6dda237e"
            ],
            "version": "==2.18.4"
        },
        "simplegeneric": {
            "hashes": [
                "sha256:dc972e06094b9af5b855b3df4a646395e43d1c9d0d39ed345b7393560d0b9173"
            ],
            "version": "==0.8.1"
        },
        "six": {
            "hashes": [
                "sha256:832dc0e10feb1aa2c68dcc57dbb658f1c7e65b9b61af69048abc87a2db00a0eb",
                "sha256:70e8a77beed4562e7f14fe23a786b54f6296e34344c23bc42f07b15018ff98e9"
            ],
            "version": "==1.11.0"
        },
        "traitlets": {
            "hashes": [
                "sha256:c6cb5e6f57c5a9bdaa40fa71ce7b4af30298fbab9ece9815b5d995ab6217c7d9",
                "sha256:9c4bd2d267b7153df9152698efb1050a5d84982d3384a37b2c1f7723ba3e7835"
            ],
            "version": "==4.3.2"
        },
        "urllib3": {
            "hashes": [
                "sha256:06330f386d6e4b195fbfc736b297f58c5a892e4440e54d294d7004e3a9bbea1b",
                "sha256:cc44da8e1145637334317feebd728bd869a35285b93cbb4cca2577da7e62db4f"
            ],
            "version": "==1.22"
        },
        "wcwidth": {
            "hashes": [
                "sha256:f4ebe71925af7b40a864553f761ed559b43544f8f71746c2d756c7fe788ade7c",
                "sha256:3df37372226d6e63e1b1e1eda15c594bca98a22d33a23832a90998faa96bc65e"
            ],
            "version": "==0.1.7"
        }
    },
    "develop": {}
}
